// !$*UTF8*$!
{
	archiveVersion = 1;
	classes = {
	};
	objectVersion = 46;
	objects = {

/* Begin PBXBuildFile section */
		0DFD014E678577B65A740648 /* libPods-FlickrVisualizer.a in Frameworks */ = {isa = PBXBuildFile; fileRef = D1826CE6383DCC2E32000472 /* libPods-FlickrVisualizer.a */; };
		2FFF40AAEB0C73BD479DC482 /* libPods-FlickrVisualizerTests.a in Frameworks */ = {isa = PBXBuildFile; fileRef = 8DEED9724C4C6EE7A0722752 /* libPods-FlickrVisualizerTests.a */; };
		630463711C778CD2004DAF2B /* main.m in Sources */ = {isa = PBXBuildFile; fileRef = 630463701C778CD2004DAF2B /* main.m */; };
		630463741C778CD2004DAF2B /* AppDelegate.m in Sources */ = {isa = PBXBuildFile; fileRef = 630463731C778CD2004DAF2B /* AppDelegate.m */; };
		6304637A1C778CD2004DAF2B /* Main.storyboard in Resources */ = {isa = PBXBuildFile; fileRef = 630463781C778CD2004DAF2B /* Main.storyboard */; };
		6304637C1C778CD3004DAF2B /* Assets.xcassets in Resources */ = {isa = PBXBuildFile; fileRef = 6304637B1C778CD3004DAF2B /* Assets.xcassets */; };
		6304637F1C778CD3004DAF2B /* LaunchScreen.storyboard in Resources */ = {isa = PBXBuildFile; fileRef = 6304637D1C778CD3004DAF2B /* LaunchScreen.storyboard */; };
		6304638A1C778CD3004DAF2B /* FlickrVisualizerTests.m in Sources */ = {isa = PBXBuildFile; fileRef = 630463891C778CD3004DAF2B /* FlickrVisualizerTests.m */; };
		630463951C778CD3004DAF2B /* FlickrVisualizerUITests.m in Sources */ = {isa = PBXBuildFile; fileRef = 630463941C778CD3004DAF2B /* FlickrVisualizerUITests.m */; };
		630463A51C77907E004DAF2B /* TBWDataProvider.m in Sources */ = {isa = PBXBuildFile; fileRef = 630463A41C77907E004DAF2B /* TBWDataProvider.m */; };
		630463A61C77907E004DAF2B /* TBWDataProvider.m in Sources */ = {isa = PBXBuildFile; fileRef = 630463A41C77907E004DAF2B /* TBWDataProvider.m */; };
		630463A71C77907E004DAF2B /* TBWDataProvider.m in Sources */ = {isa = PBXBuildFile; fileRef = 630463A41C77907E004DAF2B /* TBWDataProvider.m */; };
		630463AE1C7791C4004DAF2B /* FlickrApiTests.m in Sources */ = {isa = PBXBuildFile; fileRef = 630463AD1C7791C4004DAF2B /* FlickrApiTests.m */; };
		635267BE1C79B18500134247 /* TBWTagCell.m in Sources */ = {isa = PBXBuildFile; fileRef = 635267BC1C79B18500134247 /* TBWTagCell.m */; };
		635267BF1C79B18500134247 /* TBWTagCell.m in Sources */ = {isa = PBXBuildFile; fileRef = 635267BC1C79B18500134247 /* TBWTagCell.m */; };
		635267C01C79B18500134247 /* TBWTagCell.m in Sources */ = {isa = PBXBuildFile; fileRef = 635267BC1C79B18500134247 /* TBWTagCell.m */; };
		635267C11C79B18500134247 /* TBWTagCell.xib in Resources */ = {isa = PBXBuildFile; fileRef = 635267BD1C79B18500134247 /* TBWTagCell.xib */; };
		635267C21C79B18500134247 /* TBWTagCell.xib in Resources */ = {isa = PBXBuildFile; fileRef = 635267BD1C79B18500134247 /* TBWTagCell.xib */; };
		635267C31C79B18500134247 /* TBWTagCell.xib in Resources */ = {isa = PBXBuildFile; fileRef = 635267BD1C79B18500134247 /* TBWTagCell.xib */; };
		635267C61C79B2CD00134247 /* TBWTagsVM.m in Sources */ = {isa = PBXBuildFile; fileRef = 635267C51C79B2CD00134247 /* TBWTagsVM.m */; };
		635267C71C79B2CD00134247 /* TBWTagsVM.m in Sources */ = {isa = PBXBuildFile; fileRef = 635267C51C79B2CD00134247 /* TBWTagsVM.m */; };
		635267C81C79B2CD00134247 /* TBWTagsVM.m in Sources */ = {isa = PBXBuildFile; fileRef = 635267C51C79B2CD00134247 /* TBWTagsVM.m */; };
		635267CB1C7A309B00134247 /* BebasNeue.otf in Resources */ = {isa = PBXBuildFile; fileRef = 635267CA1C7A309B00134247 /* BebasNeue.otf */; };
		635267CC1C7A309C00134247 /* BebasNeue.otf in Resources */ = {isa = PBXBuildFile; fileRef = 635267CA1C7A309B00134247 /* BebasNeue.otf */; };
		635267CD1C7A309C00134247 /* BebasNeue.otf in Resources */ = {isa = PBXBuildFile; fileRef = 635267CA1C7A309B00134247 /* BebasNeue.otf */; };
		635267D01C7A374500134247 /* MBXRoundedIconButton.m in Sources */ = {isa = PBXBuildFile; fileRef = 635267CF1C7A374500134247 /* MBXRoundedIconButton.m */; };
		635267D11C7A374500134247 /* MBXRoundedIconButton.m in Sources */ = {isa = PBXBuildFile; fileRef = 635267CF1C7A374500134247 /* MBXRoundedIconButton.m */; };
		635267D21C7A374500134247 /* MBXRoundedIconButton.m in Sources */ = {isa = PBXBuildFile; fileRef = 635267CF1C7A374500134247 /* MBXRoundedIconButton.m */; };
		63B3812B1C7842DB00A094BF /* TBWThumbsViewController.m in Sources */ = {isa = PBXBuildFile; fileRef = 63B3812A1C7842DB00A094BF /* TBWThumbsViewController.m */; };
		63B3812C1C7842DB00A094BF /* TBWThumbsViewController.m in Sources */ = {isa = PBXBuildFile; fileRef = 63B3812A1C7842DB00A094BF /* TBWThumbsViewController.m */; };
		63B3812D1C7842DB00A094BF /* TBWThumbsViewController.m in Sources */ = {isa = PBXBuildFile; fileRef = 63B3812A1C7842DB00A094BF /* TBWThumbsViewController.m */; };
		63B381311C7843B000A094BF /* TBWThumbsVM.m in Sources */ = {isa = PBXBuildFile; fileRef = 63B381301C7843B000A094BF /* TBWThumbsVM.m */; };
		63B381321C7843B000A094BF /* TBWThumbsVM.m in Sources */ = {isa = PBXBuildFile; fileRef = 63B381301C7843B000A094BF /* TBWThumbsVM.m */; };
		63B381331C7843B000A094BF /* TBWThumbsVM.m in Sources */ = {isa = PBXBuildFile; fileRef = 63B381301C7843B000A094BF /* TBWThumbsVM.m */; };
		63B381441C78486B00A094BF /* TBWThumbCell.m in Sources */ = {isa = PBXBuildFile; fileRef = 63B381421C78486B00A094BF /* TBWThumbCell.m */; };
		63B381451C78486B00A094BF /* TBWThumbCell.m in Sources */ = {isa = PBXBuildFile; fileRef = 63B381421C78486B00A094BF /* TBWThumbCell.m */; };
		63B381461C78486B00A094BF /* TBWThumbCell.m in Sources */ = {isa = PBXBuildFile; fileRef = 63B381421C78486B00A094BF /* TBWThumbCell.m */; };
		63B381471C78486B00A094BF /* TBWThumbCell.xib in Resources */ = {isa = PBXBuildFile; fileRef = 63B381431C78486B00A094BF /* TBWThumbCell.xib */; };
		63B381481C78486B00A094BF /* TBWThumbCell.xib in Resources */ = {isa = PBXBuildFile; fileRef = 63B381431C78486B00A094BF /* TBWThumbCell.xib */; };
		63B381491C78486B00A094BF /* TBWThumbCell.xib in Resources */ = {isa = PBXBuildFile; fileRef = 63B381431C78486B00A094BF /* TBWThumbCell.xib */; };
		63B381531C784C3800A094BF /* MBXBaseService.m in Sources */ = {isa = PBXBuildFile; fileRef = 63B3814E1C784C3700A094BF /* MBXBaseService.m */; };
		63B381541C784C3800A094BF /* MBXBaseService.m in Sources */ = {isa = PBXBuildFile; fileRef = 63B3814E1C784C3700A094BF /* MBXBaseService.m */; };
		63B381551C784C3800A094BF /* MBXBaseService.m in Sources */ = {isa = PBXBuildFile; fileRef = 63B3814E1C784C3700A094BF /* MBXBaseService.m */; };
		63B381581C784D8700A094BF /* TBWFlickrKitConnector.m in Sources */ = {isa = PBXBuildFile; fileRef = 63B381571C784D8700A094BF /* TBWFlickrKitConnector.m */; };
		63B381591C784D8700A094BF /* TBWFlickrKitConnector.m in Sources */ = {isa = PBXBuildFile; fileRef = 63B381571C784D8700A094BF /* TBWFlickrKitConnector.m */; };
		63B3815A1C784D8700A094BF /* TBWFlickrKitConnector.m in Sources */ = {isa = PBXBuildFile; fileRef = 63B381571C784D8700A094BF /* TBWFlickrKitConnector.m */; };
		63B3815E1C784EA000A094BF /* TBWFlickrPhoto.m in Sources */ = {isa = PBXBuildFile; fileRef = 63B3815D1C784EA000A094BF /* TBWFlickrPhoto.m */; };
		63B3815F1C784EA000A094BF /* TBWFlickrPhoto.m in Sources */ = {isa = PBXBuildFile; fileRef = 63B3815D1C784EA000A094BF /* TBWFlickrPhoto.m */; };
		63B381601C784EA000A094BF /* TBWFlickrPhoto.m in Sources */ = {isa = PBXBuildFile; fileRef = 63B3815D1C784EA000A094BF /* TBWFlickrPhoto.m */; };
		63B3816D1C78517700A094BF /* MBXBaseParseParser.m in Sources */ = {isa = PBXBuildFile; fileRef = 63B381691C78517700A094BF /* MBXBaseParseParser.m */; };
		63B3816E1C78517700A094BF /* MBXBaseParseParser.m in Sources */ = {isa = PBXBuildFile; fileRef = 63B381691C78517700A094BF /* MBXBaseParseParser.m */; };
		63B3816F1C78517700A094BF /* MBXBaseParseParser.m in Sources */ = {isa = PBXBuildFile; fileRef = 63B381691C78517700A094BF /* MBXBaseParseParser.m */; };
		63B381751C7854BF00A094BF /* TBWFlickrFeedPage.m in Sources */ = {isa = PBXBuildFile; fileRef = 63B381741C7854BF00A094BF /* TBWFlickrFeedPage.m */; };
		63B381761C7854BF00A094BF /* TBWFlickrFeedPage.m in Sources */ = {isa = PBXBuildFile; fileRef = 63B381741C7854BF00A094BF /* TBWFlickrFeedPage.m */; };
		63B381771C7854BF00A094BF /* TBWFlickrFeedPage.m in Sources */ = {isa = PBXBuildFile; fileRef = 63B381741C7854BF00A094BF /* TBWFlickrFeedPage.m */; };
		63B3817B1C7995BB00A094BF /* TBWDetailViewController.m in Sources */ = {isa = PBXBuildFile; fileRef = 63B3817A1C7995BB00A094BF /* TBWDetailViewController.m */; };
		63B3817C1C7995BB00A094BF /* TBWDetailViewController.m in Sources */ = {isa = PBXBuildFile; fileRef = 63B3817A1C7995BB00A094BF /* TBWDetailViewController.m */; };
		63B3817D1C7995BB00A094BF /* TBWDetailViewController.m in Sources */ = {isa = PBXBuildFile; fileRef = 63B3817A1C7995BB00A094BF /* TBWDetailViewController.m */; };
		63B381801C79961600A094BF /* TBWDetailVM.m in Sources */ = {isa = PBXBuildFile; fileRef = 63B3817F1C79961600A094BF /* TBWDetailVM.m */; };
		63B381811C79961600A094BF /* TBWDetailVM.m in Sources */ = {isa = PBXBuildFile; fileRef = 63B3817F1C79961600A094BF /* TBWDetailVM.m */; };
		63B381821C79961600A094BF /* TBWDetailVM.m in Sources */ = {isa = PBXBuildFile; fileRef = 63B3817F1C79961600A094BF /* TBWDetailVM.m */; };
		63B381851C799F7400A094BF /* MBXMappedParser.m in Sources */ = {isa = PBXBuildFile; fileRef = 63B381841C799F7400A094BF /* MBXMappedParser.m */; };
		63B381861C799F7400A094BF /* MBXMappedParser.m in Sources */ = {isa = PBXBuildFile; fileRef = 63B381841C799F7400A094BF /* MBXMappedParser.m */; };
		63B381871C799F7400A094BF /* MBXMappedParser.m in Sources */ = {isa = PBXBuildFile; fileRef = 63B381841C799F7400A094BF /* MBXMappedParser.m */; };
		63B3818A1C79AD9300A094BF /* TBWThumbsHeaderView.m in Sources */ = {isa = PBXBuildFile; fileRef = 63B381891C79AD9300A094BF /* TBWThumbsHeaderView.m */; };
		63B3818B1C79AD9300A094BF /* TBWThumbsHeaderView.m in Sources */ = {isa = PBXBuildFile; fileRef = 63B381891C79AD9300A094BF /* TBWThumbsHeaderView.m */; };
		63B3818C1C79AD9300A094BF /* TBWThumbsHeaderView.m in Sources */ = {isa = PBXBuildFile; fileRef = 63B381891C79AD9300A094BF /* TBWThumbsHeaderView.m */; };
/* End PBXBuildFile section */

/* Begin PBXContainerItemProxy section */
		630463861C778CD3004DAF2B /* PBXContainerItemProxy */ = {
			isa = PBXContainerItemProxy;
			containerPortal = 630463641C778CD2004DAF2B /* Project object */;
			proxyType = 1;
			remoteGlobalIDString = 6304636B1C778CD2004DAF2B;
			remoteInfo = FlickrVisualizer;
		};
		630463911C778CD3004DAF2B /* PBXContainerItemProxy */ = {
			isa = PBXContainerItemProxy;
			containerPortal = 630463641C778CD2004DAF2B /* Project object */;
			proxyType = 1;
			remoteGlobalIDString = 6304636B1C778CD2004DAF2B;
			remoteInfo = FlickrVisualizer;
		};
/* End PBXContainerItemProxy section */

/* Begin PBXFileReference section */
		3B9C9442D42DC59FCFDF01DE /* Pods.debug.xcconfig */ = {isa = PBXFileReference; includeInIndex = 1; lastKnownFileType = text.xcconfig; name = Pods.debug.xcconfig; path = "Pods/Target Support Files/Pods/Pods.debug.xcconfig"; sourceTree = "<group>"; };
		6304636C1C778CD2004DAF2B /* FlickrVisualizer.app */ = {isa = PBXFileReference; explicitFileType = wrapper.application; includeInIndex = 0; path = FlickrVisualizer.app; sourceTree = BUILT_PRODUCTS_DIR; };
		630463701C778CD2004DAF2B /* main.m */ = {isa = PBXFileReference; lastKnownFileType = sourcecode.c.objc; path = main.m; sourceTree = "<group>"; };
		630463721C778CD2004DAF2B /* AppDelegate.h */ = {isa = PBXFileReference; lastKnownFileType = sourcecode.c.h; path = AppDelegate.h; sourceTree = "<group>"; };
		630463731C778CD2004DAF2B /* AppDelegate.m */ = {isa = PBXFileReference; lastKnownFileType = sourcecode.c.objc; path = AppDelegate.m; sourceTree = "<group>"; };
		630463791C778CD2004DAF2B /* Base */ = {isa = PBXFileReference; lastKnownFileType = file.storyboard; name = Base; path = Base.lproj/Main.storyboard; sourceTree = "<group>"; };
		6304637B1C778CD3004DAF2B /* Assets.xcassets */ = {isa = PBXFileReference; lastKnownFileType = folder.assetcatalog; path = Assets.xcassets; sourceTree = "<group>"; };
		6304637E1C778CD3004DAF2B /* Base */ = {isa = PBXFileReference; lastKnownFileType = file.storyboard; name = Base; path = Base.lproj/LaunchScreen.storyboard; sourceTree = "<group>"; };
		630463801C778CD3004DAF2B /* Info.plist */ = {isa = PBXFileReference; lastKnownFileType = text.plist.xml; path = Info.plist; sourceTree = "<group>"; };
		630463851C778CD3004DAF2B /* FlickrVisualizerTests.xctest */ = {isa = PBXFileReference; explicitFileType = wrapper.cfbundle; includeInIndex = 0; path = FlickrVisualizerTests.xctest; sourceTree = BUILT_PRODUCTS_DIR; };
		630463891C778CD3004DAF2B /* FlickrVisualizerTests.m */ = {isa = PBXFileReference; lastKnownFileType = sourcecode.c.objc; path = FlickrVisualizerTests.m; sourceTree = "<group>"; };
		6304638B1C778CD3004DAF2B /* Info.plist */ = {isa = PBXFileReference; lastKnownFileType = text.plist.xml; path = Info.plist; sourceTree = "<group>"; };
		630463901C778CD3004DAF2B /* FlickrVisualizerUITests.xctest */ = {isa = PBXFileReference; explicitFileType = wrapper.cfbundle; includeInIndex = 0; path = FlickrVisualizerUITests.xctest; sourceTree = BUILT_PRODUCTS_DIR; };
		630463941C778CD3004DAF2B /* FlickrVisualizerUITests.m */ = {isa = PBXFileReference; lastKnownFileType = sourcecode.c.objc; path = FlickrVisualizerUITests.m; sourceTree = "<group>"; };
		630463961C778CD3004DAF2B /* Info.plist */ = {isa = PBXFileReference; lastKnownFileType = text.plist.xml; path = Info.plist; sourceTree = "<group>"; };
		630463A31C77907E004DAF2B /* TBWDataProvider.h */ = {isa = PBXFileReference; fileEncoding = 4; lastKnownFileType = sourcecode.c.h; path = TBWDataProvider.h; sourceTree = "<group>"; };
		630463A41C77907E004DAF2B /* TBWDataProvider.m */ = {isa = PBXFileReference; fileEncoding = 4; lastKnownFileType = sourcecode.c.objc; path = TBWDataProvider.m; sourceTree = "<group>"; };
		630463AD1C7791C4004DAF2B /* FlickrApiTests.m */ = {isa = PBXFileReference; fileEncoding = 4; lastKnownFileType = sourcecode.c.objc; path = FlickrApiTests.m; sourceTree = "<group>"; };
		630463AF1C77939E004DAF2B /* FlickrVisualizer.pch */ = {isa = PBXFileReference; fileEncoding = 4; lastKnownFileType = sourcecode.c.h; path = FlickrVisualizer.pch; sourceTree = "<group>"; };
		635267BB1C79B18500134247 /* TBWTagCell.h */ = {isa = PBXFileReference; fileEncoding = 4; lastKnownFileType = sourcecode.c.h; path = TBWTagCell.h; sourceTree = "<group>"; };
		635267BC1C79B18500134247 /* TBWTagCell.m */ = {isa = PBXFileReference; fileEncoding = 4; lastKnownFileType = sourcecode.c.objc; path = TBWTagCell.m; sourceTree = "<group>"; };
		635267BD1C79B18500134247 /* TBWTagCell.xib */ = {isa = PBXFileReference; fileEncoding = 4; lastKnownFileType = file.xib; path = TBWTagCell.xib; sourceTree = "<group>"; };
		635267C41C79B2CD00134247 /* TBWTagsVM.h */ = {isa = PBXFileReference; fileEncoding = 4; lastKnownFileType = sourcecode.c.h; path = TBWTagsVM.h; sourceTree = "<group>"; };
		635267C51C79B2CD00134247 /* TBWTagsVM.m */ = {isa = PBXFileReference; fileEncoding = 4; lastKnownFileType = sourcecode.c.objc; path = TBWTagsVM.m; sourceTree = "<group>"; };
		635267CA1C7A309B00134247 /* BebasNeue.otf */ = {isa = PBXFileReference; lastKnownFileType = file; path = BebasNeue.otf; sourceTree = "<group>"; };
		635267CE1C7A374500134247 /* MBXRoundedIconButton.h */ = {isa = PBXFileReference; fileEncoding = 4; lastKnownFileType = sourcecode.c.h; path = MBXRoundedIconButton.h; sourceTree = "<group>"; };
		635267CF1C7A374500134247 /* MBXRoundedIconButton.m */ = {isa = PBXFileReference; fileEncoding = 4; lastKnownFileType = sourcecode.c.objc; path = MBXRoundedIconButton.m; sourceTree = "<group>"; };
		63B381291C7842DB00A094BF /* TBWThumbsViewController.h */ = {isa = PBXFileReference; fileEncoding = 4; lastKnownFileType = sourcecode.c.h; path = TBWThumbsViewController.h; sourceTree = "<group>"; };
		63B3812A1C7842DB00A094BF /* TBWThumbsViewController.m */ = {isa = PBXFileReference; fileEncoding = 4; lastKnownFileType = sourcecode.c.objc; path = TBWThumbsViewController.m; sourceTree = "<group>"; };
		63B3812F1C7843B000A094BF /* TBWThumbsVM.h */ = {isa = PBXFileReference; fileEncoding = 4; lastKnownFileType = sourcecode.c.h; path = TBWThumbsVM.h; sourceTree = "<group>"; };
		63B381301C7843B000A094BF /* TBWThumbsVM.m */ = {isa = PBXFileReference; fileEncoding = 4; lastKnownFileType = sourcecode.c.objc; path = TBWThumbsVM.m; sourceTree = "<group>"; };
		63B381351C78447500A094BF /* MBXListViewModelProtocol.h */ = {isa = PBXFileReference; fileEncoding = 4; lastKnownFileType = sourcecode.c.h; path = MBXListViewModelProtocol.h; sourceTree = "<group>"; };
		63B381361C78454300A094BF /* MBXAsyncViewModelProtocol.h */ = {isa = PBXFileReference; fileEncoding = 4; lastKnownFileType = sourcecode.c.h; path = MBXAsyncViewModelProtocol.h; sourceTree = "<group>"; };
		63B381411C78486B00A094BF /* TBWThumbCell.h */ = {isa = PBXFileReference; fileEncoding = 4; lastKnownFileType = sourcecode.c.h; path = TBWThumbCell.h; sourceTree = "<group>"; };
		63B381421C78486B00A094BF /* TBWThumbCell.m */ = {isa = PBXFileReference; fileEncoding = 4; lastKnownFileType = sourcecode.c.objc; path = TBWThumbCell.m; sourceTree = "<group>"; };
		63B381431C78486B00A094BF /* TBWThumbCell.xib */ = {isa = PBXFileReference; fileEncoding = 4; lastKnownFileType = file.xib; path = TBWThumbCell.xib; sourceTree = "<group>"; };
		63B3814D1C784C3700A094BF /* MBXBaseService.h */ = {isa = PBXFileReference; fileEncoding = 4; lastKnownFileType = sourcecode.c.h; path = MBXBaseService.h; sourceTree = "<group>"; };
		63B3814E1C784C3700A094BF /* MBXBaseService.m */ = {isa = PBXFileReference; fileEncoding = 4; lastKnownFileType = sourcecode.c.objc; path = MBXBaseService.m; sourceTree = "<group>"; };
		63B3814F1C784C3700A094BF /* MBXServiceConnectorProtocol.h */ = {isa = PBXFileReference; fileEncoding = 4; lastKnownFileType = sourcecode.c.h; path = MBXServiceConnectorProtocol.h; sourceTree = "<group>"; };
		63B381511C784C3700A094BF /* MBXServiceParserProtocol.h */ = {isa = PBXFileReference; fileEncoding = 4; lastKnownFileType = sourcecode.c.h; path = MBXServiceParserProtocol.h; sourceTree = "<group>"; };
		63B381521C784C3800A094BF /* MBXServiceProtocol.h */ = {isa = PBXFileReference; fileEncoding = 4; lastKnownFileType = sourcecode.c.h; path = MBXServiceProtocol.h; sourceTree = "<group>"; };
		63B381561C784D8700A094BF /* TBWFlickrKitConnector.h */ = {isa = PBXFileReference; fileEncoding = 4; lastKnownFileType = sourcecode.c.h; path = TBWFlickrKitConnector.h; sourceTree = "<group>"; };
		63B381571C784D8700A094BF /* TBWFlickrKitConnector.m */ = {isa = PBXFileReference; fileEncoding = 4; lastKnownFileType = sourcecode.c.objc; path = TBWFlickrKitConnector.m; sourceTree = "<group>"; };
		63B3815C1C784EA000A094BF /* TBWFlickrPhoto.h */ = {isa = PBXFileReference; fileEncoding = 4; lastKnownFileType = sourcecode.c.h; path = TBWFlickrPhoto.h; sourceTree = "<group>"; };
		63B3815D1C784EA000A094BF /* TBWFlickrPhoto.m */ = {isa = PBXFileReference; fileEncoding = 4; lastKnownFileType = sourcecode.c.objc; path = TBWFlickrPhoto.m; sourceTree = "<group>"; };
		63B381681C78517700A094BF /* MBXBaseParseParser.h */ = {isa = PBXFileReference; fileEncoding = 4; lastKnownFileType = sourcecode.c.h; path = MBXBaseParseParser.h; sourceTree = "<group>"; };
		63B381691C78517700A094BF /* MBXBaseParseParser.m */ = {isa = PBXFileReference; fileEncoding = 4; lastKnownFileType = sourcecode.c.objc; path = MBXBaseParseParser.m; sourceTree = "<group>"; };
		63B381731C7854BF00A094BF /* TBWFlickrFeedPage.h */ = {isa = PBXFileReference; fileEncoding = 4; lastKnownFileType = sourcecode.c.h; path = TBWFlickrFeedPage.h; sourceTree = "<group>"; };
		63B381741C7854BF00A094BF /* TBWFlickrFeedPage.m */ = {isa = PBXFileReference; fileEncoding = 4; lastKnownFileType = sourcecode.c.objc; path = TBWFlickrFeedPage.m; sourceTree = "<group>"; };
		63B381791C7995BB00A094BF /* TBWDetailViewController.h */ = {isa = PBXFileReference; fileEncoding = 4; lastKnownFileType = sourcecode.c.h; path = TBWDetailViewController.h; sourceTree = "<group>"; };
		63B3817A1C7995BB00A094BF /* TBWDetailViewController.m */ = {isa = PBXFileReference; fileEncoding = 4; lastKnownFileType = sourcecode.c.objc; path = TBWDetailViewController.m; sourceTree = "<group>"; };
		63B3817E1C79961600A094BF /* TBWDetailVM.h */ = {isa = PBXFileReference; fileEncoding = 4; lastKnownFileType = sourcecode.c.h; path = TBWDetailVM.h; sourceTree = "<group>"; };
		63B3817F1C79961600A094BF /* TBWDetailVM.m */ = {isa = PBXFileReference; fileEncoding = 4; lastKnownFileType = sourcecode.c.objc; path = TBWDetailVM.m; sourceTree = "<group>"; };
		63B381831C799F7400A094BF /* MBXMappedParser.h */ = {isa = PBXFileReference; fileEncoding = 4; lastKnownFileType = sourcecode.c.h; path = MBXMappedParser.h; sourceTree = "<group>"; };
		63B381841C799F7400A094BF /* MBXMappedParser.m */ = {isa = PBXFileReference; fileEncoding = 4; lastKnownFileType = sourcecode.c.objc; path = MBXMappedParser.m; sourceTree = "<group>"; };
		63B381881C79AD9300A094BF /* TBWThumbsHeaderView.h */ = {isa = PBXFileReference; fileEncoding = 4; lastKnownFileType = sourcecode.c.h; path = TBWThumbsHeaderView.h; sourceTree = "<group>"; };
		63B381891C79AD9300A094BF /* TBWThumbsHeaderView.m */ = {isa = PBXFileReference; fileEncoding = 4; lastKnownFileType = sourcecode.c.objc; path = TBWThumbsHeaderView.m; sourceTree = "<group>"; };
		8DEED9724C4C6EE7A0722752 /* libPods-FlickrVisualizerTests.a */ = {isa = PBXFileReference; explicitFileType = archive.ar; includeInIndex = 0; path = "libPods-FlickrVisualizerTests.a"; sourceTree = BUILT_PRODUCTS_DIR; };
		AC343D603393A199B9C20AB7 /* Pods-FlickrVisualizerTests.debug.xcconfig */ = {isa = PBXFileReference; includeInIndex = 1; lastKnownFileType = text.xcconfig; name = "Pods-FlickrVisualizerTests.debug.xcconfig"; path = "Pods/Target Support Files/Pods-FlickrVisualizerTests/Pods-FlickrVisualizerTests.debug.xcconfig"; sourceTree = "<group>"; };
		CDEFEE61CD1EFA28C5C21182 /* Pods-FlickrVisualizer.debug.xcconfig */ = {isa = PBXFileReference; includeInIndex = 1; lastKnownFileType = text.xcconfig; name = "Pods-FlickrVisualizer.debug.xcconfig"; path = "Pods/Target Support Files/Pods-FlickrVisualizer/Pods-FlickrVisualizer.debug.xcconfig"; sourceTree = "<group>"; };
		D1826CE6383DCC2E32000472 /* libPods-FlickrVisualizer.a */ = {isa = PBXFileReference; explicitFileType = archive.ar; includeInIndex = 0; path = "libPods-FlickrVisualizer.a"; sourceTree = BUILT_PRODUCTS_DIR; };
		DDC38C83DA0A63B8BB430F1B /* Pods-FlickrVisualizerTests.release.xcconfig */ = {isa = PBXFileReference; includeInIndex = 1; lastKnownFileType = text.xcconfig; name = "Pods-FlickrVisualizerTests.release.xcconfig"; path = "Pods/Target Support Files/Pods-FlickrVisualizerTests/Pods-FlickrVisualizerTests.release.xcconfig"; sourceTree = "<group>"; };
		E229337413FDFABC6CA91A92 /* Pods-FlickrVisualizer.release.xcconfig */ = {isa = PBXFileReference; includeInIndex = 1; lastKnownFileType = text.xcconfig; name = "Pods-FlickrVisualizer.release.xcconfig"; path = "Pods/Target Support Files/Pods-FlickrVisualizer/Pods-FlickrVisualizer.release.xcconfig"; sourceTree = "<group>"; };
		EF01F350759B2DEE8F461F3A /* Pods.release.xcconfig */ = {isa = PBXFileReference; includeInIndex = 1; lastKnownFileType = text.xcconfig; name = Pods.release.xcconfig; path = "Pods/Target Support Files/Pods/Pods.release.xcconfig"; sourceTree = "<group>"; };
		F174088ADF6C9BDF5EDB87A9 /* libPods.a */ = {isa = PBXFileReference; explicitFileType = archive.ar; includeInIndex = 0; path = libPods.a; sourceTree = BUILT_PRODUCTS_DIR; };
/* End PBXFileReference section */

/* Begin PBXFrameworksBuildPhase section */
		630463691C778CD2004DAF2B /* Frameworks */ = {
			isa = PBXFrameworksBuildPhase;
			buildActionMask = 2147483647;
			files = (
				0DFD014E678577B65A740648 /* libPods-FlickrVisualizer.a in Frameworks */,
			);
			runOnlyForDeploymentPostprocessing = 0;
		};
		630463821C778CD3004DAF2B /* Frameworks */ = {
			isa = PBXFrameworksBuildPhase;
			buildActionMask = 2147483647;
			files = (
				2FFF40AAEB0C73BD479DC482 /* libPods-FlickrVisualizerTests.a in Frameworks */,
			);
			runOnlyForDeploymentPostprocessing = 0;
		};
		6304638D1C778CD3004DAF2B /* Frameworks */ = {
			isa = PBXFrameworksBuildPhase;
			buildActionMask = 2147483647;
			files = (
			);
			runOnlyForDeploymentPostprocessing = 0;
		};
/* End PBXFrameworksBuildPhase section */

/* Begin PBXGroup section */
		4445BAD9D324689E8F950B75 /* Frameworks */ = {
			isa = PBXGroup;
			children = (
				F174088ADF6C9BDF5EDB87A9 /* libPods.a */,
				D1826CE6383DCC2E32000472 /* libPods-FlickrVisualizer.a */,
				8DEED9724C4C6EE7A0722752 /* libPods-FlickrVisualizerTests.a */,
			);
			name = Frameworks;
			sourceTree = "<group>";
		};
		630463631C778CD2004DAF2B = {
			isa = PBXGroup;
			children = (
				6304636E1C778CD2004DAF2B /* FlickrVisualizer */,
				630463881C778CD3004DAF2B /* FlickrVisualizerTests */,
				630463931C778CD3004DAF2B /* FlickrVisualizerUITests */,
				6304636D1C778CD2004DAF2B /* Products */,
				AEFB528D372D2E389C4CCC30 /* Pods */,
				4445BAD9D324689E8F950B75 /* Frameworks */,
			);
			sourceTree = "<group>";
		};
		6304636D1C778CD2004DAF2B /* Products */ = {
			isa = PBXGroup;
			children = (
				6304636C1C778CD2004DAF2B /* FlickrVisualizer.app */,
				630463851C778CD3004DAF2B /* FlickrVisualizerTests.xctest */,
				630463901C778CD3004DAF2B /* FlickrVisualizerUITests.xctest */,
			);
			name = Products;
			sourceTree = "<group>";
		};
		6304636E1C778CD2004DAF2B /* FlickrVisualizer */ = {
			isa = PBXGroup;
			children = (
				635267C91C7A309B00134247 /* Resources */,
				63B3815B1C784E9100A094BF /* Model */,
				63B381371C78482200A094BF /* View */,
				63B381341C78445600A094BF /* Utils */,
				63B3812E1C7843A100A094BF /* ViewModel */,
				63B381281C78427700A094BF /* Controllers */,
				630463A21C77903A004DAF2B /* Services */,
				630463721C778CD2004DAF2B /* AppDelegate.h */,
				630463731C778CD2004DAF2B /* AppDelegate.m */,
				630463781C778CD2004DAF2B /* Main.storyboard */,
				6304637B1C778CD3004DAF2B /* Assets.xcassets */,
				6304637D1C778CD3004DAF2B /* LaunchScreen.storyboard */,
				630463801C778CD3004DAF2B /* Info.plist */,
				6304636F1C778CD2004DAF2B /* Supporting Files */,
			);
			path = FlickrVisualizer;
			sourceTree = "<group>";
		};
		6304636F1C778CD2004DAF2B /* Supporting Files */ = {
			isa = PBXGroup;
			children = (
				630463701C778CD2004DAF2B /* main.m */,
				630463AF1C77939E004DAF2B /* FlickrVisualizer.pch */,
			);
			name = "Supporting Files";
			sourceTree = "<group>";
		};
		630463881C778CD3004DAF2B /* FlickrVisualizerTests */ = {
			isa = PBXGroup;
			children = (
				630463891C778CD3004DAF2B /* FlickrVisualizerTests.m */,
				6304638B1C778CD3004DAF2B /* Info.plist */,
				630463AD1C7791C4004DAF2B /* FlickrApiTests.m */,
			);
			path = FlickrVisualizerTests;
			sourceTree = "<group>";
		};
		630463931C778CD3004DAF2B /* FlickrVisualizerUITests */ = {
			isa = PBXGroup;
			children = (
				630463941C778CD3004DAF2B /* FlickrVisualizerUITests.m */,
				630463961C778CD3004DAF2B /* Info.plist */,
			);
			path = FlickrVisualizerUITests;
			sourceTree = "<group>";
		};
		630463A21C77903A004DAF2B /* Services */ = {
			isa = PBXGroup;
			children = (
				630463A31C77907E004DAF2B /* TBWDataProvider.h */,
				630463A41C77907E004DAF2B /* TBWDataProvider.m */,
				63B381561C784D8700A094BF /* TBWFlickrKitConnector.h */,
				63B381571C784D8700A094BF /* TBWFlickrKitConnector.m */,
			);
			path = Services;
			sourceTree = "<group>";
		};
		635267C91C7A309B00134247 /* Resources */ = {
			isa = PBXGroup;
			children = (
				635267CA1C7A309B00134247 /* BebasNeue.otf */,
			);
			path = Resources;
			sourceTree = "<group>";
		};
		63B381281C78427700A094BF /* Controllers */ = {
			isa = PBXGroup;
			children = (
				63B381291C7842DB00A094BF /* TBWThumbsViewController.h */,
				63B3812A1C7842DB00A094BF /* TBWThumbsViewController.m */,
				63B381791C7995BB00A094BF /* TBWDetailViewController.h */,
				63B3817A1C7995BB00A094BF /* TBWDetailViewController.m */,
			);
			path = Controllers;
			sourceTree = "<group>";
		};
		63B3812E1C7843A100A094BF /* ViewModel */ = {
			isa = PBXGroup;
			children = (
				63B3812F1C7843B000A094BF /* TBWThumbsVM.h */,
				63B381301C7843B000A094BF /* TBWThumbsVM.m */,
				63B3817E1C79961600A094BF /* TBWDetailVM.h */,
				63B3817F1C79961600A094BF /* TBWDetailVM.m */,
				635267C41C79B2CD00134247 /* TBWTagsVM.h */,
				635267C51C79B2CD00134247 /* TBWTagsVM.m */,
			);
			path = ViewModel;
			sourceTree = "<group>";
		};
		63B381341C78445600A094BF /* Utils */ = {
			isa = PBXGroup;
			children = (
				63B3814C1C784C3700A094BF /* MBXServices */,
				63B381351C78447500A094BF /* MBXListViewModelProtocol.h */,
				63B381361C78454300A094BF /* MBXAsyncViewModelProtocol.h */,
				635267CE1C7A374500134247 /* MBXRoundedIconButton.h */,
				635267CF1C7A374500134247 /* MBXRoundedIconButton.m */,
			);
			path = Utils;
			sourceTree = "<group>";
		};
		63B381371C78482200A094BF /* View */ = {
			isa = PBXGroup;
			children = (
				63B381411C78486B00A094BF /* TBWThumbCell.h */,
				63B381421C78486B00A094BF /* TBWThumbCell.m */,
				63B381431C78486B00A094BF /* TBWThumbCell.xib */,
				63B381881C79AD9300A094BF /* TBWThumbsHeaderView.h */,
				63B381891C79AD9300A094BF /* TBWThumbsHeaderView.m */,
				635267BB1C79B18500134247 /* TBWTagCell.h */,
				635267BC1C79B18500134247 /* TBWTagCell.m */,
				635267BD1C79B18500134247 /* TBWTagCell.xib */,
			);
			path = View;
			sourceTree = "<group>";
		};
		63B3814C1C784C3700A094BF /* MBXServices */ = {
			isa = PBXGroup;
			children = (
				63B381671C78517700A094BF /* Parsers */,
				63B3814D1C784C3700A094BF /* MBXBaseService.h */,
				63B3814E1C784C3700A094BF /* MBXBaseService.m */,
				63B3814F1C784C3700A094BF /* MBXServiceConnectorProtocol.h */,
				63B381511C784C3700A094BF /* MBXServiceParserProtocol.h */,
				63B381521C784C3800A094BF /* MBXServiceProtocol.h */,
			);
			path = MBXServices;
			sourceTree = "<group>";
		};
		63B3815B1C784E9100A094BF /* Model */ = {
			isa = PBXGroup;
			children = (
				63B3815C1C784EA000A094BF /* TBWFlickrPhoto.h */,
				63B3815D1C784EA000A094BF /* TBWFlickrPhoto.m */,
				63B381731C7854BF00A094BF /* TBWFlickrFeedPage.h */,
				63B381741C7854BF00A094BF /* TBWFlickrFeedPage.m */,
			);
			path = Model;
			sourceTree = "<group>";
		};
		63B381671C78517700A094BF /* Parsers */ = {
			isa = PBXGroup;
			children = (
				63B381681C78517700A094BF /* MBXBaseParseParser.h */,
				63B381691C78517700A094BF /* MBXBaseParseParser.m */,
				63B381831C799F7400A094BF /* MBXMappedParser.h */,
				63B381841C799F7400A094BF /* MBXMappedParser.m */,
			);
			path = Parsers;
			sourceTree = "<group>";
		};
		AEFB528D372D2E389C4CCC30 /* Pods */ = {
			isa = PBXGroup;
			children = (
				3B9C9442D42DC59FCFDF01DE /* Pods.debug.xcconfig */,
				EF01F350759B2DEE8F461F3A /* Pods.release.xcconfig */,
				CDEFEE61CD1EFA28C5C21182 /* Pods-FlickrVisualizer.debug.xcconfig */,
				E229337413FDFABC6CA91A92 /* Pods-FlickrVisualizer.release.xcconfig */,
				AC343D603393A199B9C20AB7 /* Pods-FlickrVisualizerTests.debug.xcconfig */,
				DDC38C83DA0A63B8BB430F1B /* Pods-FlickrVisualizerTests.release.xcconfig */,
			);
			name = Pods;
			sourceTree = "<group>";
		};
/* End PBXGroup section */

/* Begin PBXNativeTarget section */
		6304636B1C778CD2004DAF2B /* FlickrVisualizer */ = {
			isa = PBXNativeTarget;
			buildConfigurationList = 630463991C778CD3004DAF2B /* Build configuration list for PBXNativeTarget "FlickrVisualizer" */;
			buildPhases = (
				3C67F1F726AEC09AF511DC88 /* Check Pods Manifest.lock */,
				630463681C778CD2004DAF2B /* Sources */,
				630463691C778CD2004DAF2B /* Frameworks */,
				6304636A1C778CD2004DAF2B /* Resources */,
				957193F7EDA72756C63B18FE /* Embed Pods Frameworks */,
				D47343BB1271B8D461CAFD16 /* Copy Pods Resources */,
			);
			buildRules = (
			);
			dependencies = (
			);
			name = FlickrVisualizer;
			productName = FlickrVisualizer;
			productReference = 6304636C1C778CD2004DAF2B /* FlickrVisualizer.app */;
			productType = "com.apple.product-type.application";
		};
		630463841C778CD3004DAF2B /* FlickrVisualizerTests */ = {
			isa = PBXNativeTarget;
			buildConfigurationList = 6304639C1C778CD3004DAF2B /* Build configuration list for PBXNativeTarget "FlickrVisualizerTests" */;
			buildPhases = (
				40BC1EC534E1394336518E97 /* Check Pods Manifest.lock */,
				630463811C778CD3004DAF2B /* Sources */,
				630463821C778CD3004DAF2B /* Frameworks */,
				630463831C778CD3004DAF2B /* Resources */,
				1096A2BDFC82473AEC62C656 /* Embed Pods Frameworks */,
				BF255F9E36ACF2FAA83C1005 /* Copy Pods Resources */,
			);
			buildRules = (
			);
			dependencies = (
				630463871C778CD3004DAF2B /* PBXTargetDependency */,
			);
			name = FlickrVisualizerTests;
			productName = FlickrVisualizerTests;
			productReference = 630463851C778CD3004DAF2B /* FlickrVisualizerTests.xctest */;
			productType = "com.apple.product-type.bundle.unit-test";
		};
		6304638F1C778CD3004DAF2B /* FlickrVisualizerUITests */ = {
			isa = PBXNativeTarget;
			buildConfigurationList = 6304639F1C778CD3004DAF2B /* Build configuration list for PBXNativeTarget "FlickrVisualizerUITests" */;
			buildPhases = (
				6304638C1C778CD3004DAF2B /* Sources */,
				6304638D1C778CD3004DAF2B /* Frameworks */,
				6304638E1C778CD3004DAF2B /* Resources */,
			);
			buildRules = (
			);
			dependencies = (
				630463921C778CD3004DAF2B /* PBXTargetDependency */,
			);
			name = FlickrVisualizerUITests;
			productName = FlickrVisualizerUITests;
			productReference = 630463901C778CD3004DAF2B /* FlickrVisualizerUITests.xctest */;
			productType = "com.apple.product-type.bundle.ui-testing";
		};
/* End PBXNativeTarget section */

/* Begin PBXProject section */
		630463641C778CD2004DAF2B /* Project object */ = {
			isa = PBXProject;
			attributes = {
				LastUpgradeCheck = 0720;
				ORGANIZATIONNAME = "Tamara Bernad";
				TargetAttributes = {
					6304636B1C778CD2004DAF2B = {
						CreatedOnToolsVersion = 7.2;
					};
					630463841C778CD3004DAF2B = {
						CreatedOnToolsVersion = 7.2;
						TestTargetID = 6304636B1C778CD2004DAF2B;
					};
					6304638F1C778CD3004DAF2B = {
						CreatedOnToolsVersion = 7.2;
						TestTargetID = 6304636B1C778CD2004DAF2B;
					};
				};
			};
			buildConfigurationList = 630463671C778CD2004DAF2B /* Build configuration list for PBXProject "FlickrVisualizer" */;
			compatibilityVersion = "Xcode 3.2";
			developmentRegion = English;
			hasScannedForEncodings = 0;
			knownRegions = (
				en,
				Base,
			);
			mainGroup = 630463631C778CD2004DAF2B;
			productRefGroup = 6304636D1C778CD2004DAF2B /* Products */;
			projectDirPath = "";
			projectRoot = "";
			targets = (
				6304636B1C778CD2004DAF2B /* FlickrVisualizer */,
				630463841C778CD3004DAF2B /* FlickrVisualizerTests */,
				6304638F1C778CD3004DAF2B /* FlickrVisualizerUITests */,
			);
		};
/* End PBXProject section */

/* Begin PBXResourcesBuildPhase section */
		6304636A1C778CD2004DAF2B /* Resources */ = {
			isa = PBXResourcesBuildPhase;
			buildActionMask = 2147483647;
			files = (
				6304637F1C778CD3004DAF2B /* LaunchScreen.storyboard in Resources */,
				6304637C1C778CD3004DAF2B /* Assets.xcassets in Resources */,
				635267CB1C7A309B00134247 /* BebasNeue.otf in Resources */,
				63B381471C78486B00A094BF /* TBWThumbCell.xib in Resources */,
				635267C11C79B18500134247 /* TBWTagCell.xib in Resources */,
				6304637A1C778CD2004DAF2B /* Main.storyboard in Resources */,
			);
			runOnlyForDeploymentPostprocessing = 0;
		};
		630463831C778CD3004DAF2B /* Resources */ = {
			isa = PBXResourcesBuildPhase;
			buildActionMask = 2147483647;
			files = (
				635267C21C79B18500134247 /* TBWTagCell.xib in Resources */,
				63B381481C78486B00A094BF /* TBWThumbCell.xib in Resources */,
				635267CC1C7A309C00134247 /* BebasNeue.otf in Resources */,
			);
			runOnlyForDeploymentPostprocessing = 0;
		};
		6304638E1C778CD3004DAF2B /* Resources */ = {
			isa = PBXResourcesBuildPhase;
			buildActionMask = 2147483647;
			files = (
				635267C31C79B18500134247 /* TBWTagCell.xib in Resources */,
				63B381491C78486B00A094BF /* TBWThumbCell.xib in Resources */,
				635267CD1C7A309C00134247 /* BebasNeue.otf in Resources */,
			);
			runOnlyForDeploymentPostprocessing = 0;
		};
/* End PBXResourcesBuildPhase section */

/* Begin PBXShellScriptBuildPhase section */
		1096A2BDFC82473AEC62C656 /* Embed Pods Frameworks */ = {
			isa = PBXShellScriptBuildPhase;
			buildActionMask = 2147483647;
			files = (
			);
			inputPaths = (
			);
			name = "Embed Pods Frameworks";
			outputPaths = (
			);
			runOnlyForDeploymentPostprocessing = 0;
			shellPath = /bin/sh;
			shellScript = "\"${SRCROOT}/Pods/Target Support Files/Pods-FlickrVisualizerTests/Pods-FlickrVisualizerTests-frameworks.sh\"\n";
			showEnvVarsInLog = 0;
		};
		3C67F1F726AEC09AF511DC88 /* Check Pods Manifest.lock */ = {
			isa = PBXShellScriptBuildPhase;
			buildActionMask = 2147483647;
			files = (
			);
			inputPaths = (
			);
			name = "Check Pods Manifest.lock";
			outputPaths = (
			);
			runOnlyForDeploymentPostprocessing = 0;
			shellPath = /bin/sh;
			shellScript = "diff \"${PODS_ROOT}/../Podfile.lock\" \"${PODS_ROOT}/Manifest.lock\" > /dev/null\nif [[ $? != 0 ]] ; then\n    cat << EOM\nerror: The sandbox is not in sync with the Podfile.lock. Run 'pod install' or update your CocoaPods installation.\nEOM\n    exit 1\nfi\n";
			showEnvVarsInLog = 0;
		};
		40BC1EC534E1394336518E97 /* Check Pods Manifest.lock */ = {
			isa = PBXShellScriptBuildPhase;
			buildActionMask = 2147483647;
			files = (
			);
			inputPaths = (
			);
			name = "Check Pods Manifest.lock";
			outputPaths = (
			);
			runOnlyForDeploymentPostprocessing = 0;
			shellPath = /bin/sh;
			shellScript = "diff \"${PODS_ROOT}/../Podfile.lock\" \"${PODS_ROOT}/Manifest.lock\" > /dev/null\nif [[ $? != 0 ]] ; then\n    cat << EOM\nerror: The sandbox is not in sync with the Podfile.lock. Run 'pod install' or update your CocoaPods installation.\nEOM\n    exit 1\nfi\n";
			showEnvVarsInLog = 0;
		};
		957193F7EDA72756C63B18FE /* Embed Pods Frameworks */ = {
			isa = PBXShellScriptBuildPhase;
			buildActionMask = 2147483647;
			files = (
			);
			inputPaths = (
			);
			name = "Embed Pods Frameworks";
			outputPaths = (
			);
			runOnlyForDeploymentPostprocessing = 0;
			shellPath = /bin/sh;
			shellScript = "\"${SRCROOT}/Pods/Target Support Files/Pods-FlickrVisualizer/Pods-FlickrVisualizer-frameworks.sh\"\n";
			showEnvVarsInLog = 0;
		};
		BF255F9E36ACF2FAA83C1005 /* Copy Pods Resources */ = {
			isa = PBXShellScriptBuildPhase;
			buildActionMask = 2147483647;
			files = (
			);
			inputPaths = (
			);
			name = "Copy Pods Resources";
			outputPaths = (
			);
			runOnlyForDeploymentPostprocessing = 0;
			shellPath = /bin/sh;
			shellScript = "\"${SRCROOT}/Pods/Target Support Files/Pods-FlickrVisualizerTests/Pods-FlickrVisualizerTests-resources.sh\"\n";
			showEnvVarsInLog = 0;
		};
		D47343BB1271B8D461CAFD16 /* Copy Pods Resources */ = {
			isa = PBXShellScriptBuildPhase;
			buildActionMask = 2147483647;
			files = (
			);
			inputPaths = (
			);
			name = "Copy Pods Resources";
			outputPaths = (
			);
			runOnlyForDeploymentPostprocessing = 0;
			shellPath = /bin/sh;
			shellScript = "\"${SRCROOT}/Pods/Target Support Files/Pods-FlickrVisualizer/Pods-FlickrVisualizer-resources.sh\"\n";
			showEnvVarsInLog = 0;
		};
/* End PBXShellScriptBuildPhase section */

/* Begin PBXSourcesBuildPhase section */
		630463681C778CD2004DAF2B /* Sources */ = {
			isa = PBXSourcesBuildPhase;
			buildActionMask = 2147483647;
			files = (
				635267BE1C79B18500134247 /* TBWTagCell.m in Sources */,
				630463741C778CD2004DAF2B /* AppDelegate.m in Sources */,
				63B381801C79961600A094BF /* TBWDetailVM.m in Sources */,
				63B381441C78486B00A094BF /* TBWThumbCell.m in Sources */,
				63B381581C784D8700A094BF /* TBWFlickrKitConnector.m in Sources */,
				63B3815E1C784EA000A094BF /* TBWFlickrPhoto.m in Sources */,
				63B381311C7843B000A094BF /* TBWThumbsVM.m in Sources */,
				630463A51C77907E004DAF2B /* TBWDataProvider.m in Sources */,
				635267C61C79B2CD00134247 /* TBWTagsVM.m in Sources */,
				63B381851C799F7400A094BF /* MBXMappedParser.m in Sources */,
				63B3812B1C7842DB00A094BF /* TBWThumbsViewController.m in Sources */,
				63B3816D1C78517700A094BF /* MBXBaseParseParser.m in Sources */,
				63B3817B1C7995BB00A094BF /* TBWDetailViewController.m in Sources */,
				63B381531C784C3800A094BF /* MBXBaseService.m in Sources */,
				630463711C778CD2004DAF2B /* main.m in Sources */,
				63B3818A1C79AD9300A094BF /* TBWThumbsHeaderView.m in Sources */,
				635267D01C7A374500134247 /* MBXRoundedIconButton.m in Sources */,
				63B381751C7854BF00A094BF /* TBWFlickrFeedPage.m in Sources */,
			);
			runOnlyForDeploymentPostprocessing = 0;
		};
		630463811C778CD3004DAF2B /* Sources */ = {
			isa = PBXSourcesBuildPhase;
			buildActionMask = 2147483647;
			files = (
				635267BF1C79B18500134247 /* TBWTagCell.m in Sources */,
				630463A61C77907E004DAF2B /* TBWDataProvider.m in Sources */,
				63B381811C79961600A094BF /* TBWDetailVM.m in Sources */,
				63B381451C78486B00A094BF /* TBWThumbCell.m in Sources */,
				63B381591C784D8700A094BF /* TBWFlickrKitConnector.m in Sources */,
				63B3815F1C784EA000A094BF /* TBWFlickrPhoto.m in Sources */,
				63B381321C7843B000A094BF /* TBWThumbsVM.m in Sources */,
				6304638A1C778CD3004DAF2B /* FlickrVisualizerTests.m in Sources */,
				635267C71C79B2CD00134247 /* TBWTagsVM.m in Sources */,
				63B381861C799F7400A094BF /* MBXMappedParser.m in Sources */,
				63B3816E1C78517700A094BF /* MBXBaseParseParser.m in Sources */,
				63B3812C1C7842DB00A094BF /* TBWThumbsViewController.m in Sources */,
				63B3817C1C7995BB00A094BF /* TBWDetailViewController.m in Sources */,
				63B381541C784C3800A094BF /* MBXBaseService.m in Sources */,
				630463AE1C7791C4004DAF2B /* FlickrApiTests.m in Sources */,
				63B3818B1C79AD9300A094BF /* TBWThumbsHeaderView.m in Sources */,
				635267D11C7A374500134247 /* MBXRoundedIconButton.m in Sources */,
				63B381761C7854BF00A094BF /* TBWFlickrFeedPage.m in Sources */,
			);
			runOnlyForDeploymentPostprocessing = 0;
		};
		6304638C1C778CD3004DAF2B /* Sources */ = {
			isa = PBXSourcesBuildPhase;
			buildActionMask = 2147483647;
			files = (
				63B3818C1C79AD9300A094BF /* TBWThumbsHeaderView.m in Sources */,
				63B381331C7843B000A094BF /* TBWThumbsVM.m in Sources */,
				63B3816F1C78517700A094BF /* MBXBaseParseParser.m in Sources */,
				63B381551C784C3800A094BF /* MBXBaseService.m in Sources */,
				635267D21C7A374500134247 /* MBXRoundedIconButton.m in Sources */,
				63B3817D1C7995BB00A094BF /* TBWDetailViewController.m in Sources */,
				635267C81C79B2CD00134247 /* TBWTagsVM.m in Sources */,
				630463A71C77907E004DAF2B /* TBWDataProvider.m in Sources */,
				630463951C778CD3004DAF2B /* FlickrVisualizerUITests.m in Sources */,
				63B381821C79961600A094BF /* TBWDetailVM.m in Sources */,
				63B381871C799F7400A094BF /* MBXMappedParser.m in Sources */,
				635267C01C79B18500134247 /* TBWTagCell.m in Sources */,
				63B3815A1C784D8700A094BF /* TBWFlickrKitConnector.m in Sources */,
				63B381461C78486B00A094BF /* TBWThumbCell.m in Sources */,
				63B3812D1C7842DB00A094BF /* TBWThumbsViewController.m in Sources */,
				63B381771C7854BF00A094BF /* TBWFlickrFeedPage.m in Sources */,
				63B381601C784EA000A094BF /* TBWFlickrPhoto.m in Sources */,
			);
			runOnlyForDeploymentPostprocessing = 0;
		};
/* End PBXSourcesBuildPhase section */

/* Begin PBXTargetDependency section */
		630463871C778CD3004DAF2B /* PBXTargetDependency */ = {
			isa = PBXTargetDependency;
			target = 6304636B1C778CD2004DAF2B /* FlickrVisualizer */;
			targetProxy = 630463861C778CD3004DAF2B /* PBXContainerItemProxy */;
		};
		630463921C778CD3004DAF2B /* PBXTargetDependency */ = {
			isa = PBXTargetDependency;
			target = 6304636B1C778CD2004DAF2B /* FlickrVisualizer */;
			targetProxy = 630463911C778CD3004DAF2B /* PBXContainerItemProxy */;
		};
/* End PBXTargetDependency section */

/* Begin PBXVariantGroup section */
		630463781C778CD2004DAF2B /* Main.storyboard */ = {
			isa = PBXVariantGroup;
			children = (
				630463791C778CD2004DAF2B /* Base */,
			);
			name = Main.storyboard;
			sourceTree = "<group>";
		};
		6304637D1C778CD3004DAF2B /* LaunchScreen.storyboard */ = {
			isa = PBXVariantGroup;
			children = (
				6304637E1C778CD3004DAF2B /* Base */,
			);
			name = LaunchScreen.storyboard;
			sourceTree = "<group>";
		};
/* End PBXVariantGroup section */

/* Begin XCBuildConfiguration section */
		630463971C778CD3004DAF2B /* Debug */ = {
			isa = XCBuildConfiguration;
			buildSettings = {
				ALWAYS_SEARCH_USER_PATHS = NO;
				CLANG_CXX_LANGUAGE_STANDARD = "gnu++0x";
				CLANG_CXX_LIBRARY = "libc++";
				CLANG_ENABLE_MODULES = YES;
				CLANG_ENABLE_OBJC_ARC = YES;
				CLANG_WARN_BOOL_CONVERSION = YES;
				CLANG_WARN_CONSTANT_CONVERSION = YES;
				CLANG_WARN_DIRECT_OBJC_ISA_USAGE = YES_ERROR;
				CLANG_WARN_EMPTY_BODY = YES;
				CLANG_WARN_ENUM_CONVERSION = YES;
				CLANG_WARN_INT_CONVERSION = YES;
				CLANG_WARN_OBJC_ROOT_CLASS = YES_ERROR;
				CLANG_WARN_UNREACHABLE_CODE = YES;
				CLANG_WARN__DUPLICATE_METHOD_MATCH = YES;
				"CODE_SIGN_IDENTITY[sdk=iphoneos*]" = "iPhone Developer";
				COPY_PHASE_STRIP = NO;
				DEBUG_INFORMATION_FORMAT = dwarf;
				ENABLE_STRICT_OBJC_MSGSEND = YES;
				ENABLE_TESTABILITY = YES;
				GCC_C_LANGUAGE_STANDARD = gnu99;
				GCC_DYNAMIC_NO_PIC = NO;
				GCC_NO_COMMON_BLOCKS = YES;
				GCC_OPTIMIZATION_LEVEL = 0;
				GCC_PREPROCESSOR_DEFINITIONS = (
					"DEBUG=1",
					"$(inherited)",
				);
				GCC_WARN_64_TO_32_BIT_CONVERSION = YES;
				GCC_WARN_ABOUT_RETURN_TYPE = YES_ERROR;
				GCC_WARN_UNDECLARED_SELECTOR = YES;
				GCC_WARN_UNINITIALIZED_AUTOS = YES_AGGRESSIVE;
				GCC_WARN_UNUSED_FUNCTION = YES;
				GCC_WARN_UNUSED_VARIABLE = YES;
				IPHONEOS_DEPLOYMENT_TARGET = 9.2;
				MTL_ENABLE_DEBUG_INFO = YES;
				ONLY_ACTIVE_ARCH = YES;
				SDKROOT = iphoneos;
				TARGETED_DEVICE_FAMILY = "1,2";
			};
			name = Debug;
		};
		630463981C778CD3004DAF2B /* Release */ = {
			isa = XCBuildConfiguration;
			buildSettings = {
				ALWAYS_SEARCH_USER_PATHS = NO;
				CLANG_CXX_LANGUAGE_STANDARD = "gnu++0x";
				CLANG_CXX_LIBRARY = "libc++";
				CLANG_ENABLE_MODULES = YES;
				CLANG_ENABLE_OBJC_ARC = YES;
				CLANG_WARN_BOOL_CONVERSION = YES;
				CLANG_WARN_CONSTANT_CONVERSION = YES;
				CLANG_WARN_DIRECT_OBJC_ISA_USAGE = YES_ERROR;
				CLANG_WARN_EMPTY_BODY = YES;
				CLANG_WARN_ENUM_CONVERSION = YES;
				CLANG_WARN_INT_CONVERSION = YES;
				CLANG_WARN_OBJC_ROOT_CLASS = YES_ERROR;
				CLANG_WARN_UNREACHABLE_CODE = YES;
				CLANG_WARN__DUPLICATE_METHOD_MATCH = YES;
				"CODE_SIGN_IDENTITY[sdk=iphoneos*]" = "iPhone Developer";
				COPY_PHASE_STRIP = NO;
				DEBUG_INFORMATION_FORMAT = "dwarf-with-dsym";
				ENABLE_NS_ASSERTIONS = NO;
				ENABLE_STRICT_OBJC_MSGSEND = YES;
				GCC_C_LANGUAGE_STANDARD = gnu99;
				GCC_NO_COMMON_BLOCKS = YES;
				GCC_WARN_64_TO_32_BIT_CONVERSION = YES;
				GCC_WARN_ABOUT_RETURN_TYPE = YES_ERROR;
				GCC_WARN_UNDECLARED_SELECTOR = YES;
				GCC_WARN_UNINITIALIZED_AUTOS = YES_AGGRESSIVE;
				GCC_WARN_UNUSED_FUNCTION = YES;
				GCC_WARN_UNUSED_VARIABLE = YES;
				IPHONEOS_DEPLOYMENT_TARGET = 9.2;
				MTL_ENABLE_DEBUG_INFO = NO;
				SDKROOT = iphoneos;
				TARGETED_DEVICE_FAMILY = "1,2";
				VALIDATE_PRODUCT = YES;
			};
			name = Release;
		};
		6304639A1C778CD3004DAF2B /* Debug */ = {
			isa = XCBuildConfiguration;
			baseConfigurationReference = CDEFEE61CD1EFA28C5C21182 /* Pods-FlickrVisualizer.debug.xcconfig */;
			buildSettings = {
				ASSETCATALOG_COMPILER_APPICON_NAME = AppIcon;
				GCC_PRECOMPILE_PREFIX_HEADER = YES;
				GCC_PREFIX_HEADER = FlickrVisualizer/FlickrVisualizer.pch;
				INFOPLIST_FILE = FlickrVisualizer/Info.plist;
				LD_RUNPATH_SEARCH_PATHS = "$(inherited) @executable_path/Frameworks";
				PRODUCT_BUNDLE_IDENTIFIER = com.tamarabernad.FlickrVisualizer;
				PRODUCT_NAME = "$(TARGET_NAME)";
			};
			name = Debug;
		};
		6304639B1C778CD3004DAF2B /* Release */ = {
			isa = XCBuildConfiguration;
			baseConfigurationReference = E229337413FDFABC6CA91A92 /* Pods-FlickrVisualizer.release.xcconfig */;
			buildSettings = {
				ASSETCATALOG_COMPILER_APPICON_NAME = AppIcon;
				GCC_PRECOMPILE_PREFIX_HEADER = YES;
				GCC_PREFIX_HEADER = FlickrVisualizer/FlickrVisualizer.pch;
				INFOPLIST_FILE = FlickrVisualizer/Info.plist;
				LD_RUNPATH_SEARCH_PATHS = "$(inherited) @executable_path/Frameworks";
				PRODUCT_BUNDLE_IDENTIFIER = com.tamarabernad.FlickrVisualizer;
				PRODUCT_NAME = "$(TARGET_NAME)";
			};
			name = Release;
		};
		6304639D1C778CD3004DAF2B /* Debug */ = {
			isa = XCBuildConfiguration;
			baseConfigurationReference = CDEFEE61CD1EFA28C5C21182 /* Pods-FlickrVisualizer.debug.xcconfig */;
			buildSettings = {
				BUNDLE_LOADER = "$(TEST_HOST)";
				GCC_PRECOMPILE_PREFIX_HEADER = YES;
				GCC_PREFIX_HEADER = FlickrVisualizer/FlickrVisualizer.pch;
				INFOPLIST_FILE = FlickrVisualizerTests/Info.plist;
				LD_RUNPATH_SEARCH_PATHS = "$(inherited) @executable_path/Frameworks @loader_path/Frameworks";
				PRODUCT_BUNDLE_IDENTIFIER = com.tamarabernad.FlickrVisualizerTests;
				PRODUCT_NAME = "$(TARGET_NAME)";
				TEST_HOST = "$(BUILT_PRODUCTS_DIR)/FlickrVisualizer.app/FlickrVisualizer";
			};
			name = Debug;
		};
		6304639E1C778CD3004DAF2B /* Release */ = {
			isa = XCBuildConfiguration;
			baseConfigurationReference = DDC38C83DA0A63B8BB430F1B /* Pods-FlickrVisualizerTests.release.xcconfig */;
			buildSettings = {
				BUNDLE_LOADER = "$(TEST_HOST)";
				GCC_PRECOMPILE_PREFIX_HEADER = YES;
				GCC_PREFIX_HEADER = FlickrVisualizer/FlickrVisualizer.pch;
				INFOPLIST_FILE = FlickrVisualizerTests/Info.plist;
				LD_RUNPATH_SEARCH_PATHS = "$(inherited) @executable_path/Frameworks @loader_path/Frameworks";
				PRODUCT_BUNDLE_IDENTIFIER = com.tamarabernad.FlickrVisualizerTests;
				PRODUCT_NAME = "$(TARGET_NAME)";
				TEST_HOST = "$(BUILT_PRODUCTS_DIR)/FlickrVisualizer.app/FlickrVisualizer";
			};
			name = Release;
		};
		630463A01C778CD3004DAF2B /* Debug */ = {
			isa = XCBuildConfiguration;
			buildSettings = {
				INFOPLIST_FILE = FlickrVisualizerUITests/Info.plist;
				LD_RUNPATH_SEARCH_PATHS = "$(inherited) @executable_path/Frameworks @loader_path/Frameworks";
				PRODUCT_BUNDLE_IDENTIFIER = com.tamarabernad.FlickrVisualizerUITests;
				PRODUCT_NAME = "$(TARGET_NAME)";
				TEST_TARGET_NAME = FlickrVisualizer;
				USES_XCTRUNNER = YES;
			};
			name = Debug;
		};
		630463A11C778CD3004DAF2B /* Release */ = {
			isa = XCBuildConfiguration;
			buildSettings = {
				INFOPLIST_FILE = FlickrVisualizerUITests/Info.plist;
				LD_RUNPATH_SEARCH_PATHS = "$(inherited) @executable_path/Frameworks @loader_path/Frameworks";
				PRODUCT_BUNDLE_IDENTIFIER = com.tamarabernad.FlickrVisualizerUITests;
				PRODUCT_NAME = "$(TARGET_NAME)";
				TEST_TARGET_NAME = FlickrVisualizer;
				USES_XCTRUNNER = YES;
			};
			name = Release;
		};
/* End XCBuildConfiguration section */

/* Begin XCConfigurationList section */
		630463671C778CD2004DAF2B /* Build configuration list for PBXProject "FlickrVisualizer" */ = {
			isa = XCConfigurationList;
			buildConfigurations = (
				630463971C778CD3004DAF2B /* Debug */,
				630463981C778CD3004DAF2B /* Release */,
			);
			defaultConfigurationIsVisible = 0;
			defaultConfigurationName = Release;
		};
		630463991C778CD3004DAF2B /* Build configuration list for PBXNativeTarget "FlickrVisualizer" */ = {
			isa = XCConfigurationList;
			buildConfigurations = (
				6304639A1C778CD3004DAF2B /* Debug */,
				6304639B1C778CD3004DAF2B /* Release */,
			);
			defaultConfigurationIsVisible = 0;
			defaultConfigurationName = Release;
		};
		6304639C1C778CD3004DAF2B /* Build configuration list for PBXNativeTarget "FlickrVisualizerTests" */ = {
			isa = XCConfigurationList;
			buildConfigurations = (
				6304639D1C778CD3004DAF2B /* Debug */,
				6304639E1C778CD3004DAF2B /* Release */,
			);
			defaultConfigurationIsVisible = 0;
			defaultConfigurationName = Release;
		};
		6304639F1C778CD3004DAF2B /* Build configuration list for PBXNativeTarget "FlickrVisualizerUITests" */ = {
			isa = XCConfigurationList;
			buildConfigurations = (
				630463A01C778CD3004DAF2B /* Debug */,
				630463A11C778CD3004DAF2B /* Release */,
			);
			defaultConfigurationIsVisible = 0;
			defaultConfigurationName = Release;
		};
/* End XCConfigurationList section */
	};
	rootObject = 630463641C778CD2004DAF2B /* Project object */;
}
